github.com/jusxtdev/gofio v0.0.0-20260815061312-080dae7b0f0f h1:6MFtYXSSzWfbRGo4HS3JQgxtyg5PXBDdHhYVIQV4MSA=
github.com/jusxtdev/gofio v0.0.0-20260815061312-080dae7b0f0f/go.mod h1:OnbC6+4BPqWSF7S3A8I/OlEZRkp3QZJeajkPj5BekQ4=
github.com/jusxtdev/gofio v0.0.0-20260815073450-bfa87236f737 h1:wDVJYfcJhEPuXPQPtabWd1qh2iqTxuwZOQje1pF6MlI=
github.com/jusxtdev/gofio v0.0.0-20260815073450-bfa87236f737/go.mod h1:OnbC6+4BPqWSF7S3A8I/OlEZRkp3QZJeajkPj5BekQ4=
